# This file is automatically @generated by Poetry 2.3.3 and should not be changed by hand.

[[package]]
name = "number-cruncher"
version = "0.1.0"
description = "The Number Cruncher - a mysterious black-box computation engine"
optional = false
python-versions = ">=3.10"
groups = ["main"]
files = []
develop = true

[package.source]
type = "directory"
url = "../number-cruncher-lib"

[metadata]
lock-version = "2.1"
python-versions = ">=3.10"
content-hash = "100145b230c59be1bc36dbe27d5555c5049a546f7e5207379b829eac3ca35f9b"
