# This file is automatically @generated by Poetry 2.3.3 and should not be changed by hand.

[[package]]
name = "number-cruncher"
version = "0.1.0"
description = "The Number Cruncher - a mysterious black-box computation engine"
optional = false
python-versions = "^3.11"
groups = ["main"]
files = []
develop = true

[package.source]
type = "directory"
url = "../number-cruncher-lib"

[metadata]
lock-version = "2.1"
python-versions = "^3.11"
content-hash = "2bccfb20289ba50bfa15854ff7fb010074446f42e5a6b9f5f70839cf74ee247d"
